{
  "version": 4,
  "terraform_version": "1.3.9",
  "serial": 525,
  "lineage": "f2af3a07-8481-4678-8305-c9c8ca0e7a1c",
  "outputs": {
    "base_url": {
      "value": "https://mcbo2l1iwb.execute-api.eu-central-1.amazonaws.com/test",
      "type": "string"
    },
    "lambdas": {
      "value": [
        {
          "arn": "arn:aws:lambda:eu-central-1:822640407122:function:cat_api",
          "description": "",
          "last_modified": "2023-05-04T18:22:33.239+0000",
          "name": "cat_api",
          "version": "$LATEST"
        }
      ],
      "type": [
        "tuple",
        [
          [
            "object",
            {
              "arn": "string",
              "description": "string",
              "last_modified": "string",
              "name": "string",
              "version": "string"
            }
          ]
        ]
      ]
    },
    "layers": {
      "value": [
        {
          "got": {
            "arn": "arn:aws:lambda:eu-central-1:822640407122:layer:got-layer:7",
            "created_at": "2023-05-04T18:22:24.559+0000",
            "description": "got: ^12.5.3",
            "name": "got-layer"
          }
        }
      ],
      "type": [
        "tuple",
        [
          [
            "object",
            {
              "got": [
                "object",
                {
                  "arn": "string",
                  "created_at": "string",
                  "description": "string",
                  "name": "string"
                }
              ]
            }
          ]
        ]
      ]
    }
  },
  "resources": [
    {
      "mode": "data",
      "type": "archive_file",
      "name": "cat_api_artefact",
      "provider": "provider[\"registry.terraform.io/hashicorp/archive\"]",
      "instances": [
        {
          "schema_version": 0,
          "attributes": {
            "excludes": null,
            "id": "295232380af7cb22d2e60273bab9ed95a0595d49",
            "output_base64sha256": "1b+J2AlEdUxBEML0lGrpV+TQBJorH4CLnMBmYvxOpAk=",
            "output_file_mode": null,
            "output_md5": "470937da454d4616d639c6c504c60a0b",
            "output_path": "files/cat-api-artefact.zip",
            "output_sha": "295232380af7cb22d2e60273bab9ed95a0595d49",
            "output_size": 38382,
            "source": [],
            "source_content": null,
            "source_content_filename": null,
            "source_dir": null,
            "source_file": "./lambdas/cat-api/dist/index.js",
            "type": "zip"
          },
          "sensitive_attributes": []
        }
      ]
    },
    {
      "mode": "data",
      "type": "archive_file",
      "name": "got_layer",
      "provider": "provider[\"registry.terraform.io/hashicorp/archive\"]",
      "instances": [
        {
          "schema_version": 0,
          "attributes": {
            "excludes": null,
            "id": "b2b4445d3e13f3196b868b46e7ac072ea1363f75",
            "output_base64sha256": "Bv7ULUbCUxHo0KNbD4kcNOf+MzfLvkNWug+S//wYkEY=",
            "output_file_mode": null,
            "output_md5": "d23ec68f776b51c317464e0faf5fa6f5",
            "output_path": "files/got-layer.zip",
            "output_sha": "b2b4445d3e13f3196b868b46e7ac072ea1363f75",
            "output_size": 510624,
            "source": [],
            "source_content": null,
            "source_content_filename": null,
            "source_dir": "./layers/got",
            "source_file": null,
            "type": "zip"
          },
          "sensitive_attributes": []
        }
      ]
    },
    {
      "mode": "data",
      "type": "aws_iam_policy_document",
      "name": "create_logs_cloudwatch",
      "provider": "provider[\"registry.terraform.io/hashicorp/aws\"]",
      "instances": [
        {
          "schema_version": 0,
          "attributes": {
            "id": "288166723",
            "json": "{\n  \"Version\": \"2012-10-17\",\n  \"Statement\": [\n    {\n      \"Sid\": \"AllowCreatingLogsGroups\",\n      \"Effect\": \"Allow\",\n      \"Action\": \"logs:CreateLogGroup\",\n      \"Resource\": \"arn:aws:logs:*:*:*\"\n    },\n    {\n      \"Sid\": \"AllowWritingLogs\",\n      \"Effect\": \"Allow\",\n      \"Action\": [\n        \"logs:PutLogEvents\",\n        \"logs:CreateLogStream\"\n      ],\n      \"Resource\": \"arn:aws:logs:*:*:log-group:/aws/lambda/*:*\"\n    }\n  ]\n}",
            "override_json": null,
            "override_policy_documents": null,
            "policy_id": null,
            "source_json": null,
            "source_policy_documents": null,
            "statement": [
              {
                "actions": [
                  "logs:CreateLogGroup"
                ],
                "condition": [],
                "effect": "Allow",
                "not_actions": [],
                "not_principals": [],
                "not_resources": [],
                "principals": [],
                "resources": [
                  "arn:aws:logs:*:*:*"
                ],
                "sid": "AllowCreatingLogsGroups"
              },
              {
                "actions": [
                  "logs:CreateLogStream",
                  "logs:PutLogEvents"
                ],
                "condition": [],
                "effect": "Allow",
                "not_actions": [],
                "not_principals": [],
                "not_resources": [],
                "principals": [],
                "resources": [
                  "arn:aws:logs:*:*:log-group:/aws/lambda/*:*"
                ],
                "sid": "AllowWritingLogs"
              }
            ],
            "version": "2012-10-17"
          },
          "sensitive_attributes": []
        }
      ]
    },
    {
      "mode": "data",
      "type": "aws_iam_policy_document",
      "name": "lambda_assume_role",
      "provider": "provider[\"registry.terraform.io/hashicorp/aws\"]",
      "instances": [
        {
          "schema_version": 0,
          "attributes": {
            "id": "3693445097",
            "json": "{\n  \"Version\": \"2012-10-17\",\n  \"Statement\": [\n    {\n      \"Sid\": \"\",\n      \"Effect\": \"Allow\",\n      \"Action\": \"sts:AssumeRole\",\n      \"Principal\": {\n        \"Service\": \"lambda.amazonaws.com\"\n      }\n    }\n  ]\n}",
            "override_json": null,
            "override_policy_documents": null,
            "policy_id": null,
            "source_json": null,
            "source_policy_documents": null,
            "statement": [
              {
                "actions": [
                  "sts:AssumeRole"
                ],
                "condition": [],
                "effect": "Allow",
                "not_actions": [],
                "not_principals": [],
                "not_resources": [],
                "principals": [
                  {
                    "identifiers": [
                      "lambda.amazonaws.com"
                    ],
                    "type": "Service"
                  }
                ],
                "resources": [],
                "sid": ""
              }
            ],
            "version": "2012-10-17"
          },
          "sensitive_attributes": []
        }
      ]
    },
    {
      "mode": "managed",
      "type": "aws_api_gateway_deployment",
      "name": "deployment_lambda_cat_api",
      "provider": "provider[\"registry.terraform.io/hashicorp/aws\"]",
      "instances": [
        {
          "schema_version": 0,
          "attributes": {
            "created_date": "2023-05-04T18:22:43Z",
            "description": "",
            "execution_arn": "arn:aws:execute-api:eu-central-1:822640407122:mcbo2l1iwb/test",
            "id": "ia3gnl",
            "invoke_url": "https://mcbo2l1iwb.execute-api.eu-central-1.amazonaws.com/test",
            "rest_api_id": "mcbo2l1iwb",
            "stage_description": null,
            "stage_name": "test",
            "triggers": null,
            "variables": null
          },
          "sensitive_attributes": [],
          "private": "bnVsbA==",
          "dependencies": [
            "aws_api_gateway_integration.integration_lambda_cat_api",
            "aws_api_gateway_integration.integration_root_lambda_cat_api",
            "aws_api_gateway_method.proxy_method_cat_api",
            "aws_api_gateway_method.proxy_root_method_cat_api",
            "aws_api_gateway_resource.proxy_resource_cat_api",
            "aws_api_gateway_rest_api.rest_api_lambda_cat_api",
            "aws_iam_role.cat_api_lambda",
            "aws_lambda_function.cat_api",
            "aws_lambda_layer_version.got",
            "data.archive_file.cat_api_artefact",
            "data.archive_file.got_layer",
            "data.aws_iam_policy_document.lambda_assume_role",
            "null_resource.build_cat_api",
            "null_resource.install_layer_deps"
          ]
        }
      ]
    },
    {
      "mode": "managed",
      "type": "aws_api_gateway_integration",
      "name": "integration_lambda_cat_api",
      "provider": "provider[\"registry.terraform.io/hashicorp/aws\"]",
      "instances": [
        {
          "schema_version": 0,
          "attributes": {
            "cache_key_parameters": null,
            "cache_namespace": "tfjpxf",
            "connection_id": "",
            "connection_type": "INTERNET",
            "content_handling": "",
            "credentials": "",
            "http_method": "ANY",
            "id": "agi-mcbo2l1iwb-tfjpxf-ANY",
            "integration_http_method": "POST",
            "passthrough_behavior": "WHEN_NO_MATCH",
            "request_parameters": null,
            "request_templates": null,
            "resource_id": "tfjpxf",
            "rest_api_id": "mcbo2l1iwb",
            "timeout_milliseconds": 29000,
            "tls_config": [],
            "type": "AWS_PROXY",
            "uri": "arn:aws:apigateway:eu-central-1:lambda:path/2015-03-31/functions/arn:aws:lambda:eu-central-1:822640407122:function:cat_api/invocations"
          },
          "sensitive_attributes": [],
          "private": "bnVsbA==",
          "dependencies": [
            "aws_api_gateway_method.proxy_method_cat_api",
            "aws_api_gateway_resource.proxy_resource_cat_api",
            "aws_api_gateway_rest_api.rest_api_lambda_cat_api",
            "aws_iam_role.cat_api_lambda",
            "aws_lambda_function.cat_api",
            "aws_lambda_layer_version.got",
            "data.archive_file.cat_api_artefact",
            "data.archive_file.got_layer",
            "data.aws_iam_policy_document.lambda_assume_role",
            "null_resource.build_cat_api",
            "null_resource.install_layer_deps"
          ]
        }
      ]
    },
    {
      "mode": "managed",
      "type": "aws_api_gateway_integration",
      "name": "integration_root_lambda_cat_api",
      "provider": "provider[\"registry.terraform.io/hashicorp/aws\"]",
      "instances": [
        {
          "schema_version": 0,
          "attributes": {
            "cache_key_parameters": null,
            "cache_namespace": "lt6c85ic29",
            "connection_id": "",
            "connection_type": "INTERNET",
            "content_handling": "",
            "credentials": "",
            "http_method": "ANY",
            "id": "agi-mcbo2l1iwb-lt6c85ic29-ANY",
            "integration_http_method": "POST",
            "passthrough_behavior": "WHEN_NO_MATCH",
            "request_parameters": null,
            "request_templates": null,
            "resource_id": "lt6c85ic29",
            "rest_api_id": "mcbo2l1iwb",
            "timeout_milliseconds": 29000,
            "tls_config": [],
            "type": "AWS_PROXY",
            "uri": "arn:aws:apigateway:eu-central-1:lambda:path/2015-03-31/functions/arn:aws:lambda:eu-central-1:822640407122:function:cat_api/invocations"
          },
          "sensitive_attributes": [],
          "private": "bnVsbA==",
          "dependencies": [
            "aws_api_gateway_method.proxy_root_method_cat_api",
            "aws_api_gateway_rest_api.rest_api_lambda_cat_api",
            "aws_iam_role.cat_api_lambda",
            "aws_lambda_function.cat_api",
            "aws_lambda_layer_version.got",
            "data.archive_file.cat_api_artefact",
            "data.archive_file.got_layer",
            "data.aws_iam_policy_document.lambda_assume_role",
            "null_resource.build_cat_api",
            "null_resource.install_layer_deps"
          ]
        }
      ]
    },
    {
      "mode": "managed",
      "type": "aws_api_gateway_method",
      "name": "proxy_method_cat_api",
      "provider": "provider[\"registry.terraform.io/hashicorp/aws\"]",
      "instances": [
        {
          "schema_version": 0,
          "attributes": {
            "api_key_required": false,
            "authorization": "NONE",
            "authorization_scopes": null,
            "authorizer_id": null,
            "http_method": "ANY",
            "id": "agm-mcbo2l1iwb-tfjpxf-ANY",
            "operation_name": null,
            "request_models": null,
            "request_parameters": null,
            "request_validator_id": null,
            "resource_id": "tfjpxf",
            "rest_api_id": "mcbo2l1iwb"
          },
          "sensitive_attributes": [],
          "private": "bnVsbA==",
          "dependencies": [
            "aws_api_gateway_resource.proxy_resource_cat_api",
            "aws_api_gateway_rest_api.rest_api_lambda_cat_api"
          ]
        }
      ]
    },
    {
      "mode": "managed",
      "type": "aws_api_gateway_method",
      "name": "proxy_root_method_cat_api",
      "provider": "provider[\"registry.terraform.io/hashicorp/aws\"]",
      "instances": [
        {
          "schema_version": 0,
          "attributes": {
            "api_key_required": false,
            "authorization": "NONE",
            "authorization_scopes": null,
            "authorizer_id": null,
            "http_method": "ANY",
            "id": "agm-mcbo2l1iwb-lt6c85ic29-ANY",
            "operation_name": null,
            "request_models": null,
            "request_parameters": null,
            "request_validator_id": null,
            "resource_id": "lt6c85ic29",
            "rest_api_id": "mcbo2l1iwb"
          },
          "sensitive_attributes": [],
          "private": "bnVsbA==",
          "dependencies": [
            "aws_api_gateway_rest_api.rest_api_lambda_cat_api"
          ]
        }
      ]
    },
    {
      "mode": "managed",
      "type": "aws_api_gateway_resource",
      "name": "proxy_resource_cat_api",
      "provider": "provider[\"registry.terraform.io/hashicorp/aws\"]",
      "instances": [
        {
          "schema_version": 0,
          "attributes": {
            "id": "tfjpxf",
            "parent_id": "lt6c85ic29",
            "path": "/{proxy+}",
            "path_part": "{proxy+}",
            "rest_api_id": "mcbo2l1iwb"
          },
          "sensitive_attributes": [],
          "private": "bnVsbA==",
          "dependencies": [
            "aws_api_gateway_rest_api.rest_api_lambda_cat_api"
          ]
        }
      ]
    },
    {
      "mode": "managed",
      "type": "aws_api_gateway_rest_api",
      "name": "rest_api_lambda_cat_api",
      "provider": "provider[\"registry.terraform.io/hashicorp/aws\"]",
      "instances": [
        {
          "schema_version": 0,
          "attributes": {
            "api_key_source": "HEADER",
            "arn": "arn:aws:apigateway:eu-central-1::/restapis/mcbo2l1iwb",
            "binary_media_types": [],
            "body": null,
            "created_date": "2023-05-04T18:22:19Z",
            "description": "Terraform Serverless Application Example",
            "disable_execute_api_endpoint": false,
            "endpoint_configuration": [
              {
                "types": [
                  "EDGE"
                ],
                "vpc_endpoint_ids": []
              }
            ],
            "execution_arn": "arn:aws:execute-api:eu-central-1:822640407122:mcbo2l1iwb",
            "fail_on_warnings": null,
            "id": "mcbo2l1iwb",
            "minimum_compression_size": -1,
            "name": "develop-test-lambda",
            "parameters": null,
            "policy": "",
            "put_rest_api_mode": null,
            "root_resource_id": "lt6c85ic29",
            "tags": {
              "STAGE": "develop"
            },
            "tags_all": {
              "STAGE": "develop"
            }
          },
          "sensitive_attributes": [],
          "private": "bnVsbA=="
        }
      ]
    },
    {
      "mode": "managed",
      "type": "aws_cognito_user_pool",
      "name": "user_pool",
      "provider": "provider[\"registry.terraform.io/hashicorp/aws\"]",
      "instances": [
        {
          "schema_version": 0,
          "attributes": {
            "account_recovery_setting": [
              {
                "recovery_mechanism": [
                  {
                    "name": "verified_email",
                    "priority": 1
                  },
                  {
                    "name": "verified_phone_number",
                    "priority": 2
                  }
                ]
              }
            ],
            "admin_create_user_config": [
              {
                "allow_admin_create_user_only": false,
                "invite_message_template": []
              }
            ],
            "alias_attributes": null,
            "arn": "arn:aws:cognito-idp:eu-central-1:822640407122:userpool/eu-central-1_hsSrSv4Qm",
            "auto_verified_attributes": [
              "email"
            ],
            "creation_date": "2023-05-04T18:22:20Z",
            "custom_domain": "",
            "deletion_protection": "INACTIVE",
            "device_configuration": [],
            "domain": "",
            "email_configuration": [
              {
                "configuration_set": "",
                "email_sending_account": "COGNITO_DEFAULT",
                "from_email_address": "",
                "reply_to_email_address": "",
                "source_arn": ""
              }
            ],
            "email_verification_message": "Seu codigo de confirmacao eh: {####}",
            "email_verification_subject": "Confirmação da sua inscrição",
            "endpoint": "cognito-idp.eu-central-1.amazonaws.com/eu-central-1_hsSrSv4Qm",
            "estimated_number_of_users": 0,
            "id": "eu-central-1_hsSrSv4Qm",
            "lambda_config": [],
            "last_modified_date": "2023-05-04T18:22:20Z",
            "mfa_configuration": "OFF",
            "name": "cat-api-user-pool",
            "password_policy": [
              {
                "minimum_length": 8,
                "require_lowercase": true,
                "require_numbers": true,
                "require_symbols": true,
                "require_uppercase": true,
                "temporary_password_validity_days": 7
              }
            ],
            "schema": [
              {
                "attribute_data_type": "String",
                "developer_only_attribute": false,
                "mutable": true,
                "name": "email",
                "number_attribute_constraints": [],
                "required": true,
                "string_attribute_constraints": [
                  {
                    "max_length": "256",
                    "min_length": "1"
                  }
                ]
              }
            ],
            "sms_authentication_message": "",
            "sms_configuration": [],
            "sms_verification_message": "",
            "software_token_mfa_configuration": [],
            "tags": null,
            "tags_all": {},
            "user_attribute_update_settings": [],
            "user_pool_add_ons": [],
            "username_attributes": [
              "email"
            ],
            "username_configuration": [],
            "verification_message_template": [
              {
                "default_email_option": "CONFIRM_WITH_CODE",
                "email_message": "Seu codigo de confirmacao eh: {####}",
                "email_message_by_link": "",
                "email_subject": "Confirmação da sua inscrição",
                "email_subject_by_link": "",
                "sms_message": ""
              }
            ]
          },
          "sensitive_attributes": [],
          "private": "bnVsbA=="
        }
      ]
    },
    {
      "mode": "managed",
      "type": "aws_cognito_user_pool_client",
      "name": "client",
      "provider": "provider[\"registry.terraform.io/hashicorp/aws\"]",
      "instances": [
        {
          "schema_version": 0,
          "attributes": {
            "access_token_validity": 0,
            "allowed_oauth_flows": [
              "code",
              "implicit"
            ],
            "allowed_oauth_flows_user_pool_client": true,
            "allowed_oauth_scopes": [
              "email",
              "openid"
            ],
            "analytics_configuration": [],
            "auth_session_validity": 3,
            "callback_urls": [
              "https://example.com/callback"
            ],
            "client_secret": "",
            "default_redirect_uri": "",
            "enable_propagate_additional_user_context_data": false,
            "enable_token_revocation": true,
            "explicit_auth_flows": [
              "ALLOW_CUSTOM_AUTH",
              "ALLOW_REFRESH_TOKEN_AUTH",
              "ALLOW_USER_PASSWORD_AUTH",
              "ALLOW_USER_SRP_AUTH"
            ],
            "generate_secret": false,
            "id": "161tjvli4cj4ckigvkg8b5hc9n",
            "id_token_validity": 0,
            "logout_urls": [
              "https://example.com/signout"
            ],
            "name": "cat-api-client",
            "prevent_user_existence_errors": "ENABLED",
            "read_attributes": [],
            "refresh_token_validity": 90,
            "supported_identity_providers": [
              "COGNITO"
            ],
            "token_validity_units": [],
            "user_pool_id": "eu-central-1_hsSrSv4Qm",
            "write_attributes": []
          },
          "sensitive_attributes": [],
          "dependencies": [
            "aws_cognito_user_pool.user_pool"
          ]
        }
      ]
    },
    {
      "mode": "managed",
      "type": "aws_cognito_user_pool_domain",
      "name": "cognito-domain",
      "provider": "provider[\"registry.terraform.io/hashicorp/aws\"]",
      "instances": [
        {
          "schema_version": 0,
          "attributes": {
            "aws_account_id": "822640407122",
            "certificate_arn": "",
            "cloudfront_distribution": "d5cxcejge1ybj.cloudfront.net",
            "cloudfront_distribution_arn": "d5cxcejge1ybj.cloudfront.net",
            "cloudfront_distribution_zone_id": "Z2FDTNDATAQYW2",
            "domain": "cat-api-user-pool",
            "id": "cat-api-user-pool",
            "s3_bucket": "aws-cognito-prod-fra-assets",
            "user_pool_id": "eu-central-1_hsSrSv4Qm",
            "version": "20230504182221"
          },
          "sensitive_attributes": [],
          "private": "bnVsbA==",
          "dependencies": [
            "aws_cognito_user_pool.user_pool"
          ]
        }
      ]
    },
    {
      "mode": "managed",
      "type": "aws_dynamodb_table",
      "name": "basic-dynamodb-table",
      "provider": "provider[\"registry.terraform.io/hashicorp/aws\"]",
      "instances": [
        {
          "schema_version": 1,
          "attributes": {
            "arn": "arn:aws:dynamodb:eu-central-1:822640407122:table/Student",
            "attribute": [
              {
                "name": "UserId",
                "type": "S"
              }
            ],
            "billing_mode": "PAY_PER_REQUEST",
            "deletion_protection_enabled": false,
            "global_secondary_index": [],
            "hash_key": "UserId",
            "id": "Student",
            "local_secondary_index": [],
            "name": "Student",
            "point_in_time_recovery": [
              {
                "enabled": false
              }
            ],
            "range_key": null,
            "read_capacity": 0,
            "replica": [],
            "restore_date_time": null,
            "restore_source_name": null,
            "restore_to_latest_time": null,
            "server_side_encryption": [],
            "stream_arn": "",
            "stream_enabled": false,
            "stream_label": "",
            "stream_view_type": "",
            "table_class": "STANDARD",
            "tags": null,
            "tags_all": {},
            "timeouts": null,
            "ttl": [
              {
                "attribute_name": "",
                "enabled": false
              }
            ],
            "write_capacity": 0
          },
          "sensitive_attributes": [],
          "private": "eyJlMmJmYjczMC1lY2FhLTExZTYtOGY4OC0zNDM2M2JjN2M0YzAiOnsiY3JlYXRlIjoxODAwMDAwMDAwMDAwLCJkZWxldGUiOjYwMDAwMDAwMDAwMCwidXBkYXRlIjozNjAwMDAwMDAwMDAwfSwic2NoZW1hX3ZlcnNpb24iOiIxIn0="
        }
      ]
    },
    {
      "mode": "managed",
      "type": "aws_iam_policy",
      "name": "create_logs_cloudwatch",
      "provider": "provider[\"registry.terraform.io/hashicorp/aws\"]",
      "instances": [
        {
          "schema_version": 0,
          "attributes": {
            "arn": "arn:aws:iam::822640407122:policy/create-cw-log-policy",
            "description": "",
            "id": "arn:aws:iam::822640407122:policy/create-cw-log-policy",
            "name": "create-cw-log-policy",
            "name_prefix": "",
            "path": "/",
            "policy": "{\"Statement\":[{\"Action\":\"logs:CreateLogGroup\",\"Effect\":\"Allow\",\"Resource\":\"arn:aws:logs:*:*:*\",\"Sid\":\"AllowCreatingLogsGroups\"},{\"Action\":[\"logs:PutLogEvents\",\"logs:CreateLogStream\"],\"Effect\":\"Allow\",\"Resource\":\"arn:aws:logs:*:*:log-group:/aws/lambda/*:*\",\"Sid\":\"AllowWritingLogs\"}],\"Version\":\"2012-10-17\"}",
            "policy_id": "ANPA37CJQOJJGILSBXOSK",
            "tags": null,
            "tags_all": {}
          },
          "sensitive_attributes": [],
          "private": "bnVsbA==",
          "dependencies": [
            "data.aws_iam_policy_document.create_logs_cloudwatch"
          ]
        }
      ]
    },
    {
      "mode": "managed",
      "type": "aws_iam_role",
      "name": "cat_api_lambda",
      "provider": "provider[\"registry.terraform.io/hashicorp/aws\"]",
      "instances": [
        {
          "schema_version": 0,
          "attributes": {
            "arn": "arn:aws:iam::822640407122:role/cat-api-lambda-role",
            "assume_role_policy": "{\"Statement\":[{\"Action\":\"sts:AssumeRole\",\"Effect\":\"Allow\",\"Principal\":{\"Service\":\"lambda.amazonaws.com\"},\"Sid\":\"\"}],\"Version\":\"2012-10-17\"}",
            "create_date": "2023-05-04T18:22:19Z",
            "description": "",
            "force_detach_policies": false,
            "id": "cat-api-lambda-role",
            "inline_policy": [],
            "managed_policy_arns": [],
            "max_session_duration": 3600,
            "name": "cat-api-lambda-role",
            "name_prefix": "",
            "path": "/",
            "permissions_boundary": null,
            "role_last_used": [
              {
                "last_used_date": "",
                "region": ""
              }
            ],
            "tags": {
              "CreatedAt": "2023-05-04",
              "ManageBy": "Terraform",
              "Owner": "Ricky Bell",
              "Project": "Lambda Layers with Terraform"
            },
            "tags_all": {
              "CreatedAt": "2023-05-04",
              "ManageBy": "Terraform",
              "Owner": "Ricky Bell",
              "Project": "Lambda Layers with Terraform"
            },
            "unique_id": "AROA37CJQOJJLF76XP3GL"
          },
          "sensitive_attributes": [],
          "private": "bnVsbA==",
          "dependencies": [
            "data.aws_iam_policy_document.lambda_assume_role"
          ]
        }
      ]
    },
    {
      "mode": "managed",
      "type": "aws_iam_role_policy_attachment",
      "name": "cat_api_cloudwatch",
      "provider": "provider[\"registry.terraform.io/hashicorp/aws\"]",
      "instances": [
        {
          "schema_version": 0,
          "attributes": {
            "id": "cat-api-lambda-role-20230504182219919400000001",
            "policy_arn": "arn:aws:iam::822640407122:policy/create-cw-log-policy",
            "role": "cat-api-lambda-role"
          },
          "sensitive_attributes": [],
          "private": "bnVsbA==",
          "dependencies": [
            "aws_iam_policy.create_logs_cloudwatch",
            "aws_iam_role.cat_api_lambda",
            "data.aws_iam_policy_document.create_logs_cloudwatch",
            "data.aws_iam_policy_document.lambda_assume_role"
          ]
        }
      ]
    },
    {
      "mode": "managed",
      "type": "aws_lambda_function",
      "name": "cat_api",
      "provider": "provider[\"registry.terraform.io/hashicorp/aws\"]",
      "instances": [
        {
          "schema_version": 0,
          "attributes": {
            "architectures": [
              "x86_64"
            ],
            "arn": "arn:aws:lambda:eu-central-1:822640407122:function:cat_api",
            "code_signing_config_arn": "",
            "dead_letter_config": [],
            "description": "",
            "environment": [],
            "ephemeral_storage": [
              {
                "size": 512
              }
            ],
            "file_system_config": [],
            "filename": "files/cat-api-artefact.zip",
            "function_name": "cat_api",
            "handler": "index.handler",
            "id": "cat_api",
            "image_config": [],
            "image_uri": "",
            "invoke_arn": "arn:aws:apigateway:eu-central-1:lambda:path/2015-03-31/functions/arn:aws:lambda:eu-central-1:822640407122:function:cat_api/invocations",
            "kms_key_arn": "",
            "last_modified": "2023-05-04T18:22:33.239+0000",
            "layers": [
              "arn:aws:lambda:eu-central-1:822640407122:layer:got-layer:7"
            ],
            "memory_size": 128,
            "package_type": "Zip",
            "publish": false,
            "qualified_arn": "arn:aws:lambda:eu-central-1:822640407122:function:cat_api:$LATEST",
            "qualified_invoke_arn": "arn:aws:apigateway:eu-central-1:lambda:path/2015-03-31/functions/arn:aws:lambda:eu-central-1:822640407122:function:cat_api:$LATEST/invocations",
            "replace_security_groups_on_destroy": null,
            "replacement_security_group_ids": null,
            "reserved_concurrent_executions": -1,
            "role": "arn:aws:iam::822640407122:role/cat-api-lambda-role",
            "runtime": "nodejs16.x",
            "s3_bucket": null,
            "s3_key": null,
            "s3_object_version": null,
            "signing_job_arn": "",
            "signing_profile_version_arn": "",
            "skip_destroy": false,
            "snap_start": [],
            "source_code_hash": "1b+J2AlEdUxBEML0lGrpV+TQBJorH4CLnMBmYvxOpAk=",
            "source_code_size": 38382,
            "tags": {
              "CreatedAt": "2023-05-04",
              "ManageBy": "Terraform",
              "Owner": "Ricky Bell",
              "Project": "Lambda Layers with Terraform"
            },
            "tags_all": {
              "CreatedAt": "2023-05-04",
              "ManageBy": "Terraform",
              "Owner": "Ricky Bell",
              "Project": "Lambda Layers with Terraform"
            },
            "timeout": 5,
            "timeouts": null,
            "tracing_config": [
              {
                "mode": "PassThrough"
              }
            ],
            "version": "$LATEST",
            "vpc_config": []
          },
          "sensitive_attributes": [],
          "private": "eyJlMmJmYjczMC1lY2FhLTExZTYtOGY4OC0zNDM2M2JjN2M0YzAiOnsiY3JlYXRlIjo2MDAwMDAwMDAwMDAsImRlbGV0ZSI6NjAwMDAwMDAwMDAwLCJ1cGRhdGUiOjYwMDAwMDAwMDAwMH19",
          "dependencies": [
            "aws_iam_role.cat_api_lambda",
            "aws_lambda_layer_version.got",
            "data.archive_file.cat_api_artefact",
            "data.archive_file.got_layer",
            "data.aws_iam_policy_document.lambda_assume_role",
            "null_resource.build_cat_api",
            "null_resource.install_layer_deps"
          ]
        }
      ]
    },
    {
      "mode": "managed",
      "type": "aws_lambda_layer_version",
      "name": "got",
      "provider": "provider[\"registry.terraform.io/hashicorp/aws\"]",
      "instances": [
        {
          "schema_version": 0,
          "attributes": {
            "arn": "arn:aws:lambda:eu-central-1:822640407122:layer:got-layer:7",
            "compatible_architectures": null,
            "compatible_runtimes": [
              "nodejs16.x"
            ],
            "created_date": "2023-05-04T18:22:24.559+0000",
            "description": "got: ^12.5.3",
            "filename": "files/got-layer.zip",
            "id": "arn:aws:lambda:eu-central-1:822640407122:layer:got-layer:7",
            "layer_arn": "arn:aws:lambda:eu-central-1:822640407122:layer:got-layer",
            "layer_name": "got-layer",
            "license_info": "",
            "s3_bucket": null,
            "s3_key": null,
            "s3_object_version": null,
            "signing_job_arn": "",
            "signing_profile_version_arn": "",
            "skip_destroy": false,
            "source_code_hash": "Bv7ULUbCUxHo0KNbD4kcNOf+MzfLvkNWug+S//wYkEY=",
            "source_code_size": 510624,
            "version": "7"
          },
          "sensitive_attributes": [],
          "private": "bnVsbA==",
          "dependencies": [
            "data.archive_file.got_layer",
            "null_resource.install_layer_deps"
          ]
        }
      ]
    },
    {
      "mode": "managed",
      "type": "aws_lambda_permission",
      "name": "permission_cat_api",
      "provider": "provider[\"registry.terraform.io/hashicorp/aws\"]",
      "instances": [
        {
          "schema_version": 0,
          "attributes": {
            "action": "lambda:InvokeFunction",
            "event_source_token": null,
            "function_name": "cat_api",
            "function_url_auth_type": null,
            "id": "AllowAPIGatewayInvoke",
            "principal": "apigateway.amazonaws.com",
            "principal_org_id": null,
            "qualifier": "",
            "source_account": null,
            "source_arn": "arn:aws:execute-api:eu-central-1:822640407122:mcbo2l1iwb/*/*",
            "statement_id": "AllowAPIGatewayInvoke",
            "statement_id_prefix": ""
          },
          "sensitive_attributes": [],
          "private": "bnVsbA==",
          "dependencies": [
            "aws_api_gateway_rest_api.rest_api_lambda_cat_api",
            "aws_iam_role.cat_api_lambda",
            "aws_lambda_function.cat_api",
            "aws_lambda_layer_version.got",
            "data.archive_file.cat_api_artefact",
            "data.archive_file.got_layer",
            "data.aws_iam_policy_document.lambda_assume_role",
            "null_resource.build_cat_api",
            "null_resource.install_layer_deps"
          ]
        }
      ]
    },
    {
      "mode": "managed",
      "type": "null_resource",
      "name": "build_cat_api",
      "provider": "provider[\"registry.terraform.io/hashicorp/null\"]",
      "instances": [
        {
          "schema_version": 0,
          "attributes": {
            "id": "6448826709359823413",
            "triggers": {
              "cat_api_build": "93659332cbc04043cfbd7b0191da3f4a"
            }
          },
          "sensitive_attributes": []
        }
      ]
    },
    {
      "mode": "managed",
      "type": "null_resource",
      "name": "install_layer_deps",
      "provider": "provider[\"registry.terraform.io/hashicorp/null\"]",
      "instances": [
        {
          "schema_version": 0,
          "attributes": {
            "id": "4692364996137571074",
            "triggers": {
              "layer_build": "8858016f0c477017d22b568c4196d786"
            }
          },
          "sensitive_attributes": []
        }
      ]
    }
  ],
  "check_results": null
}
