{
  "version": 4,
  "terraform_version": "1.3.9",
  "serial": 333,
  "lineage": "f2af3a07-8481-4678-8305-c9c8ca0e7a1c",
  "outputs": {
    "lambdas": {
      "value": [
        {
          "arn": "arn:aws:lambda:us-east-1:822640407122:function:cat_api",
          "description": "",
          "last_modified": "2023-04-30T23:05:45.000+0000",
          "name": "cat_api",
          "version": "$LATEST"
        }
      ],
      "type": [
        "tuple",
        [
          [
            "object",
            {
              "arn": "string",
              "description": "string",
              "last_modified": "string",
              "name": "string",
              "version": "string"
            }
          ]
        ]
      ]
    },
    "layers": {
      "value": [
        {
          "got": {
            "arn": "arn:aws:lambda:us-east-1:822640407122:layer:got-layer:19",
            "created_at": "2023-04-30T23:04:15.193+0000",
            "description": "got: ^12.6.0",
            "name": "got-layer"
          }
        }
      ],
      "type": [
        "tuple",
        [
          [
            "object",
            {
              "got": [
                "object",
                {
                  "arn": "string",
                  "created_at": "string",
                  "description": "string",
                  "name": "string"
                }
              ]
            }
          ]
        ]
      ]
    }
  },
  "resources": [
    {
      "mode": "data",
      "type": "archive_file",
      "name": "cat_api_artefact",
      "provider": "provider[\"registry.terraform.io/hashicorp/archive\"]",
      "instances": [
        {
          "schema_version": 0,
          "attributes": {
            "excludes": null,
            "id": "3f04381f106dbee88512683674a3a28f8494df3e",
            "output_base64sha256": "anD7DYxwEIgOuxIovXqVs8CbUqekEIIUn2Ul3bIUGow=",
            "output_file_mode": null,
            "output_md5": "3db8ffd0003224e866c0ea2f7b5f586e",
            "output_path": "files/cat-api-artefact.zip",
            "output_sha": "3f04381f106dbee88512683674a3a28f8494df3e",
            "output_size": 429,
            "source": [],
            "source_content": null,
            "source_content_filename": null,
            "source_dir": null,
            "source_file": "./lambdas/cat-api/index.js",
            "type": "zip"
          },
          "sensitive_attributes": []
        }
      ]
    },
    {
      "mode": "data",
      "type": "archive_file",
      "name": "got_layer",
      "provider": "provider[\"registry.terraform.io/hashicorp/archive\"]",
      "instances": [
        {
          "schema_version": 0,
          "attributes": {
            "excludes": null,
            "id": "41cfa152dfda95de57cb8f0e4b19355cc5b1a6b7",
            "output_base64sha256": "XjnIcKCE0/MQutzsatyEKJpnUDmdV3RVLqzjUc3VaUk=",
            "output_file_mode": null,
            "output_md5": "81aab73fb7a8dbf7f58610490ff99f79",
            "output_path": "files/got-layer.zip",
            "output_sha": "41cfa152dfda95de57cb8f0e4b19355cc5b1a6b7",
            "output_size": 259279,
            "source": [],
            "source_content": null,
            "source_content_filename": null,
            "source_dir": "./layers/got",
            "source_file": null,
            "type": "zip"
          },
          "sensitive_attributes": []
        }
      ]
    },
    {
      "mode": "data",
      "type": "aws_iam_policy_document",
      "name": "create_logs_cloudwatch",
      "provider": "provider[\"registry.terraform.io/hashicorp/aws\"]",
      "instances": [
        {
          "schema_version": 0,
          "attributes": {
            "id": "288166723",
            "json": "{\n  \"Version\": \"2012-10-17\",\n  \"Statement\": [\n    {\n      \"Sid\": \"AllowCreatingLogsGroups\",\n      \"Effect\": \"Allow\",\n      \"Action\": \"logs:CreateLogGroup\",\n      \"Resource\": \"arn:aws:logs:*:*:*\"\n    },\n    {\n      \"Sid\": \"AllowWritingLogs\",\n      \"Effect\": \"Allow\",\n      \"Action\": [\n        \"logs:PutLogEvents\",\n        \"logs:CreateLogStream\"\n      ],\n      \"Resource\": \"arn:aws:logs:*:*:log-group:/aws/lambda/*:*\"\n    }\n  ]\n}",
            "override_json": null,
            "override_policy_documents": null,
            "policy_id": null,
            "source_json": null,
            "source_policy_documents": null,
            "statement": [
              {
                "actions": [
                  "logs:CreateLogGroup"
                ],
                "condition": [],
                "effect": "Allow",
                "not_actions": [],
                "not_principals": [],
                "not_resources": [],
                "principals": [],
                "resources": [
                  "arn:aws:logs:*:*:*"
                ],
                "sid": "AllowCreatingLogsGroups"
              },
              {
                "actions": [
                  "logs:CreateLogStream",
                  "logs:PutLogEvents"
                ],
                "condition": [],
                "effect": "Allow",
                "not_actions": [],
                "not_principals": [],
                "not_resources": [],
                "principals": [],
                "resources": [
                  "arn:aws:logs:*:*:log-group:/aws/lambda/*:*"
                ],
                "sid": "AllowWritingLogs"
              }
            ],
            "version": "2012-10-17"
          },
          "sensitive_attributes": []
        }
      ]
    },
    {
      "mode": "data",
      "type": "aws_iam_policy_document",
      "name": "lambda_assume_role",
      "provider": "provider[\"registry.terraform.io/hashicorp/aws\"]",
      "instances": [
        {
          "schema_version": 0,
          "attributes": {
            "id": "3693445097",
            "json": "{\n  \"Version\": \"2012-10-17\",\n  \"Statement\": [\n    {\n      \"Sid\": \"\",\n      \"Effect\": \"Allow\",\n      \"Action\": \"sts:AssumeRole\",\n      \"Principal\": {\n        \"Service\": \"lambda.amazonaws.com\"\n      }\n    }\n  ]\n}",
            "override_json": null,
            "override_policy_documents": null,
            "policy_id": null,
            "source_json": null,
            "source_policy_documents": null,
            "statement": [
              {
                "actions": [
                  "sts:AssumeRole"
                ],
                "condition": [],
                "effect": "Allow",
                "not_actions": [],
                "not_principals": [],
                "not_resources": [],
                "principals": [
                  {
                    "identifiers": [
                      "lambda.amazonaws.com"
                    ],
                    "type": "Service"
                  }
                ],
                "resources": [],
                "sid": ""
              }
            ],
            "version": "2012-10-17"
          },
          "sensitive_attributes": []
        }
      ]
    },
    {
      "mode": "managed",
      "type": "aws_dynamodb_table",
      "name": "basic-dynamodb-table",
      "provider": "provider[\"registry.terraform.io/hashicorp/aws\"]",
      "instances": [
        {
          "schema_version": 1,
          "attributes": {
            "arn": "arn:aws:dynamodb:us-east-1:822640407122:table/Student",
            "attribute": [
              {
                "name": "UserId",
                "type": "S"
              }
            ],
            "billing_mode": "PAY_PER_REQUEST",
            "deletion_protection_enabled": false,
            "global_secondary_index": [],
            "hash_key": "UserId",
            "id": "Student",
            "local_secondary_index": [],
            "name": "Student",
            "point_in_time_recovery": [
              {
                "enabled": false
              }
            ],
            "range_key": null,
            "read_capacity": 0,
            "replica": [],
            "restore_date_time": null,
            "restore_source_name": null,
            "restore_to_latest_time": null,
            "server_side_encryption": [],
            "stream_arn": "",
            "stream_enabled": false,
            "stream_label": "",
            "stream_view_type": "",
            "table_class": "STANDARD",
            "tags": {},
            "tags_all": {},
            "timeouts": null,
            "ttl": [
              {
                "attribute_name": "",
                "enabled": false
              }
            ],
            "write_capacity": 0
          },
          "sensitive_attributes": [],
          "private": "eyJlMmJmYjczMC1lY2FhLTExZTYtOGY4OC0zNDM2M2JjN2M0YzAiOnsiY3JlYXRlIjoxODAwMDAwMDAwMDAwLCJkZWxldGUiOjYwMDAwMDAwMDAwMCwidXBkYXRlIjozNjAwMDAwMDAwMDAwfSwic2NoZW1hX3ZlcnNpb24iOiIxIn0="
        }
      ]
    },
    {
      "mode": "managed",
      "type": "aws_iam_policy",
      "name": "create_logs_cloudwatch",
      "provider": "provider[\"registry.terraform.io/hashicorp/aws\"]",
      "instances": [
        {
          "schema_version": 0,
          "attributes": {
            "arn": "arn:aws:iam::822640407122:policy/create-cw-log-policy",
            "description": "",
            "id": "arn:aws:iam::822640407122:policy/create-cw-log-policy",
            "name": "create-cw-log-policy",
            "name_prefix": "",
            "path": "/",
            "policy": "{\"Statement\":[{\"Action\":\"logs:CreateLogGroup\",\"Effect\":\"Allow\",\"Resource\":\"arn:aws:logs:*:*:*\",\"Sid\":\"AllowCreatingLogsGroups\"},{\"Action\":[\"logs:PutLogEvents\",\"logs:CreateLogStream\"],\"Effect\":\"Allow\",\"Resource\":\"arn:aws:logs:*:*:log-group:/aws/lambda/*:*\",\"Sid\":\"AllowWritingLogs\"}],\"Version\":\"2012-10-17\"}",
            "policy_id": "ANPA37CJQOJJESFQH4376",
            "tags": {},
            "tags_all": {}
          },
          "sensitive_attributes": [],
          "private": "bnVsbA==",
          "dependencies": [
            "data.aws_iam_policy_document.create_logs_cloudwatch"
          ]
        }
      ]
    },
    {
      "mode": "managed",
      "type": "aws_iam_role",
      "name": "cat_api_lambda",
      "provider": "provider[\"registry.terraform.io/hashicorp/aws\"]",
      "instances": [
        {
          "schema_version": 0,
          "attributes": {
            "arn": "arn:aws:iam::822640407122:role/cat-api-lambda-role",
            "assume_role_policy": "{\"Statement\":[{\"Action\":\"sts:AssumeRole\",\"Effect\":\"Allow\",\"Principal\":{\"Service\":\"lambda.amazonaws.com\"},\"Sid\":\"\"}],\"Version\":\"2012-10-17\"}",
            "create_date": "2023-04-30T21:25:54Z",
            "description": "",
            "force_detach_policies": false,
            "id": "cat-api-lambda-role",
            "inline_policy": [],
            "managed_policy_arns": [
              "arn:aws:iam::822640407122:policy/create-cw-log-policy"
            ],
            "max_session_duration": 3600,
            "name": "cat-api-lambda-role",
            "name_prefix": "",
            "path": "/",
            "permissions_boundary": null,
            "role_last_used": [
              {
                "last_used_date": "2023-04-30T22:21:27Z",
                "region": "us-east-1"
              }
            ],
            "tags": {
              "CreatedAt": "2023-04-30",
              "ManageBy": "Terraform",
              "Owner": "Ricky Bell",
              "Project": "Lambda Layers with Terraform"
            },
            "tags_all": {
              "CreatedAt": "2023-04-30",
              "ManageBy": "Terraform",
              "Owner": "Ricky Bell",
              "Project": "Lambda Layers with Terraform"
            },
            "unique_id": "AROA37CJQOJJJGYDE5ASF"
          },
          "sensitive_attributes": [],
          "private": "bnVsbA==",
          "dependencies": [
            "data.aws_iam_policy_document.lambda_assume_role"
          ]
        }
      ]
    },
    {
      "mode": "managed",
      "type": "aws_iam_role_policy_attachment",
      "name": "cat_api_cloudwatch",
      "provider": "provider[\"registry.terraform.io/hashicorp/aws\"]",
      "instances": [
        {
          "schema_version": 0,
          "attributes": {
            "id": "cat-api-lambda-role-20230430212555490100000001",
            "policy_arn": "arn:aws:iam::822640407122:policy/create-cw-log-policy",
            "role": "cat-api-lambda-role"
          },
          "sensitive_attributes": [],
          "private": "bnVsbA==",
          "dependencies": [
            "aws_iam_policy.create_logs_cloudwatch",
            "aws_iam_role.cat_api_lambda",
            "data.aws_iam_policy_document.create_logs_cloudwatch",
            "data.aws_iam_policy_document.lambda_assume_role"
          ]
        }
      ]
    },
    {
      "mode": "managed",
      "type": "aws_lambda_function",
      "name": "cat_api",
      "provider": "provider[\"registry.terraform.io/hashicorp/aws\"]",
      "instances": [
        {
          "schema_version": 0,
          "attributes": {
            "architectures": [
              "x86_64"
            ],
            "arn": "arn:aws:lambda:us-east-1:822640407122:function:cat_api",
            "code_signing_config_arn": "",
            "dead_letter_config": [],
            "description": "",
            "environment": [],
            "ephemeral_storage": [
              {
                "size": 512
              }
            ],
            "file_system_config": [],
            "filename": "files/cat-api-artefact.zip",
            "function_name": "cat_api",
            "handler": "index.handler",
            "id": "cat_api",
            "image_config": [],
            "image_uri": "",
            "invoke_arn": "arn:aws:apigateway:us-east-1:lambda:path/2015-03-31/functions/arn:aws:lambda:us-east-1:822640407122:function:cat_api/invocations",
            "kms_key_arn": "",
            "last_modified": "2023-04-30T23:05:45.000+0000",
            "layers": [
              "arn:aws:lambda:us-east-1:822640407122:layer:got-layer:19"
            ],
            "memory_size": 128,
            "package_type": "Zip",
            "publish": false,
            "qualified_arn": "arn:aws:lambda:us-east-1:822640407122:function:cat_api:$LATEST",
            "qualified_invoke_arn": "arn:aws:apigateway:us-east-1:lambda:path/2015-03-31/functions/arn:aws:lambda:us-east-1:822640407122:function:cat_api:$LATEST/invocations",
            "replace_security_groups_on_destroy": null,
            "replacement_security_group_ids": null,
            "reserved_concurrent_executions": -1,
            "role": "arn:aws:iam::822640407122:role/cat-api-lambda-role",
            "runtime": "nodejs14.x",
            "s3_bucket": null,
            "s3_key": null,
            "s3_object_version": null,
            "signing_job_arn": "",
            "signing_profile_version_arn": "",
            "skip_destroy": false,
            "snap_start": [],
            "source_code_hash": "anD7DYxwEIgOuxIovXqVs8CbUqekEIIUn2Ul3bIUGow=",
            "source_code_size": 429,
            "tags": {
              "CreatedAt": "2023-04-30",
              "ManageBy": "Terraform",
              "Owner": "Ricky Bell",
              "Project": "Lambda Layers with Terraform"
            },
            "tags_all": {
              "CreatedAt": "2023-04-30",
              "ManageBy": "Terraform",
              "Owner": "Ricky Bell",
              "Project": "Lambda Layers with Terraform"
            },
            "timeout": 5,
            "timeouts": null,
            "tracing_config": [
              {
                "mode": "PassThrough"
              }
            ],
            "version": "$LATEST",
            "vpc_config": []
          },
          "sensitive_attributes": [],
          "private": "eyJlMmJmYjczMC1lY2FhLTExZTYtOGY4OC0zNDM2M2JjN2M0YzAiOnsiY3JlYXRlIjo2MDAwMDAwMDAwMDAsImRlbGV0ZSI6NjAwMDAwMDAwMDAwLCJ1cGRhdGUiOjYwMDAwMDAwMDAwMH19",
          "dependencies": [
            "aws_iam_role.cat_api_lambda",
            "aws_lambda_layer_version.got",
            "data.archive_file.cat_api_artefact",
            "data.archive_file.got_layer",
            "data.aws_iam_policy_document.lambda_assume_role",
            "null_resource.install_layer_deps"
          ]
        }
      ]
    },
    {
      "mode": "managed",
      "type": "aws_lambda_layer_version",
      "name": "got",
      "provider": "provider[\"registry.terraform.io/hashicorp/aws\"]",
      "instances": [
        {
          "schema_version": 0,
          "attributes": {
            "arn": "arn:aws:lambda:us-east-1:822640407122:layer:got-layer:19",
            "compatible_architectures": [],
            "compatible_runtimes": [
              "nodejs14.x"
            ],
            "created_date": "2023-04-30T23:04:15.193+0000",
            "description": "got: ^12.6.0",
            "filename": "files/got-layer.zip",
            "id": "arn:aws:lambda:us-east-1:822640407122:layer:got-layer:19",
            "layer_arn": "arn:aws:lambda:us-east-1:822640407122:layer:got-layer",
            "layer_name": "got-layer",
            "license_info": "",
            "s3_bucket": null,
            "s3_key": null,
            "s3_object_version": null,
            "signing_job_arn": "",
            "signing_profile_version_arn": "",
            "skip_destroy": false,
            "source_code_hash": "XjnIcKCE0/MQutzsatyEKJpnUDmdV3RVLqzjUc3VaUk=",
            "source_code_size": 259279,
            "version": "19"
          },
          "sensitive_attributes": [],
          "private": "bnVsbA==",
          "dependencies": [
            "data.archive_file.got_layer",
            "null_resource.install_layer_deps"
          ]
        }
      ]
    },
    {
      "mode": "managed",
      "type": "null_resource",
      "name": "install_layer_deps",
      "provider": "provider[\"registry.terraform.io/hashicorp/null\"]",
      "instances": [
        {
          "schema_version": 0,
          "attributes": {
            "id": "2984523632660119718",
            "triggers": {
              "layer_build": "4f03e3476491124a3e89b2be6dc48e23"
            }
          },
          "sensitive_attributes": []
        }
      ]
    }
  ],
  "check_results": null
}
